
Microsoft Visual Studio Solution File, Format Version 12.00
# Visual Studio Version 16
VisualStudioVersion = 16.0.29215.179
MinimumVisualStudioVersion = 10.0.40219.1
Project("{FAE04EC0-301F-11D3-BF4B-00C04F79EFBC}") = "playground-wpf", "playground-wpf\playground-wpf.csproj", "{949BA7C0-6AA0-4E86-BBBD-1E39DA54C250}"
EndProject
Project("{FAE04EC0-301F-11D3-BF4B-00C04F79EFBC}") = "ExpenseIt", "ExpenseIt\ExpenseIt.csproj", "{A1EE9703-4B12-4C21-90E7-0AB4AB26E1B0}"
EndProject
Project("{FAE04EC0-301F-11D3-BF4B-00C04F79EFBC}") = "AnimatedButton", "AnimatedButton\AnimatedButton.csproj", "{CF4AAA67-D775-40A6-8A6C-E9B8B945F6A1}"
EndProject
Global
	GlobalSection(SolutionConfigurationPlatforms) = preSolution
		Debug|Any CPU = Debug|Any CPU
		Release|Any CPU = Release|Any CPU
	EndGlobalSection
	GlobalSection(ProjectConfigurationPlatforms) = postSolution
		{949BA7C0-6AA0-4E86-BBBD-1E39DA54C250}.Debug|Any CPU.ActiveCfg = Debug|Any CPU
		{949BA7C0-6AA0-4E86-BBBD-1E39DA54C250}.Debug|Any CPU.Build.0 = Debug|Any CPU
		{949BA7C0-6AA0-4E86-BBBD-1E39DA54C250}.Release|Any CPU.ActiveCfg = Release|Any CPU
		{949BA7C0-6AA0-4E86-BBBD-1E39DA54C250}.Release|Any CPU.Build.0 = Release|Any CPU
		{A1EE9703-4B12-4C21-90E7-0AB4AB26E1B0}.Debug|Any CPU.ActiveCfg = Debug|Any CPU
		{A1EE9703-4B12-4C21-90E7-0AB4AB26E1B0}.Debug|Any CPU.Build.0 = Debug|Any CPU
		{A1EE9703-4B12-4C21-90E7-0AB4AB26E1B0}.Release|Any CPU.ActiveCfg = Release|Any CPU
		{A1EE9703-4B12-4C21-90E7-0AB4AB26E1B0}.Release|Any CPU.Build.0 = Release|Any CPU
		{CF4AAA67-D775-40A6-8A6C-E9B8B945F6A1}.Debug|Any CPU.ActiveCfg = Debug|Any CPU
		{CF4AAA67-D775-40A6-8A6C-E9B8B945F6A1}.Debug|Any CPU.Build.0 = Debug|Any CPU
		{CF4AAA67-D775-40A6-8A6C-E9B8B945F6A1}.Release|Any CPU.ActiveCfg = Release|Any CPU
		{CF4AAA67-D775-40A6-8A6C-E9B8B945F6A1}.Release|Any CPU.Build.0 = Release|Any CPU
	EndGlobalSection
	GlobalSection(SolutionProperties) = preSolution
		HideSolutionNode = FALSE
	EndGlobalSection
	GlobalSection(ExtensibilityGlobals) = postSolution
		SolutionGuid = {FF04E560-D558-4F96-85F3-B4531B4493A3}
	EndGlobalSection
EndGlobal
